
Microsoft Visual Studio Solution File, Format Version 12.00
# Visual Studio Version 16
VisualStudioVersion = 16.0.29418.71
MinimumVisualStudioVersion = 10.0.40219.1
Project("{FAE04EC0-301F-11D3-BF4B-00C04F79EFBC}") = "RENAME_TO_PROJECTNAME", "RENAME_TO_PROJECTNAME\RENAME_TO_PROJECTNAME.csproj", "{A0CB55E2-CE9C-41D5-89D2-95351322BEC1}"
EndProject
Global
	GlobalSection(SolutionConfigurationPlatforms) = preSolution
		Debug|Any CPU = Debug|Any CPU
		Release|Any CPU = Release|Any CPU
	EndGlobalSection
	GlobalSection(ProjectConfigurationPlatforms) = postSolution
		{A0CB55E2-CE9C-41D5-89D2-95351322BEC1}.Debug|Any CPU.ActiveCfg = Debug|Any CPU
		{A0CB55E2-CE9C-41D5-89D2-95351322BEC1}.Debug|Any CPU.Build.0 = Debug|Any CPU
		{A0CB55E2-CE9C-41D5-89D2-95351322BEC1}.Release|Any CPU.ActiveCfg = Release|Any CPU
		{A0CB55E2-CE9C-41D5-89D2-95351322BEC1}.Release|Any CPU.Build.0 = Release|Any CPU
	EndGlobalSection
	GlobalSection(SolutionProperties) = preSolution
		HideSolutionNode = FALSE
	EndGlobalSection
	GlobalSection(ExtensibilityGlobals) = postSolution
		SolutionGuid = {133E62E9-A301-4DB3-9512-54434ADABC1F}
	EndGlobalSection
EndGlobal
